
Microsoft Visual Studio Solution File, Format Version 12.00
# Visual Studio 15
VisualStudioVersion = 15.0.28010.2016
MinimumVisualStudioVersion = 10.0.40219.1
Project("{9A19103F-16F7-4668-BE54-9A1E7A4F7556}") = "HXSail", "HXSail\HXSail.csproj", "{CF15D7F2-66DF-4E1C-A9A5-01C46007B23B}"
EndProject
Project("{FAE04EC0-301F-11D3-BF4B-00C04F79EFBC}") = "HXClassLibrary", "HXClassLibrary\HXClassLibrary.csproj", "{8814172C-6CEB-436B-B1BD-3489A9A2AE9A}"
EndProject
Global
	GlobalSection(SolutionConfigurationPlatforms) = preSolution
		Debug|Any CPU = Debug|Any CPU
		Release|Any CPU = Release|Any CPU
	EndGlobalSection
	GlobalSection(ProjectConfigurationPlatforms) = postSolution
		{CF15D7F2-66DF-4E1C-A9A5-01C46007B23B}.Debug|Any CPU.ActiveCfg = Debug|Any CPU
		{CF15D7F2-66DF-4E1C-A9A5-01C46007B23B}.Debug|Any CPU.Build.0 = Debug|Any CPU
		{CF15D7F2-66DF-4E1C-A9A5-01C46007B23B}.Release|Any CPU.ActiveCfg = Release|Any CPU
		{CF15D7F2-66DF-4E1C-A9A5-01C46007B23B}.Release|Any CPU.Build.0 = Release|Any CPU
		{8814172C-6CEB-436B-B1BD-3489A9A2AE9A}.Debug|Any CPU.ActiveCfg = Debug|Any CPU
		{8814172C-6CEB-436B-B1BD-3489A9A2AE9A}.Debug|Any CPU.Build.0 = Debug|Any CPU
		{8814172C-6CEB-436B-B1BD-3489A9A2AE9A}.Release|Any CPU.ActiveCfg = Release|Any CPU
		{8814172C-6CEB-436B-B1BD-3489A9A2AE9A}.Release|Any CPU.Build.0 = Release|Any CPU
	EndGlobalSection
	GlobalSection(SolutionProperties) = preSolution
		HideSolutionNode = FALSE
	EndGlobalSection
	GlobalSection(ExtensibilityGlobals) = postSolution
		SolutionGuid = {D9D986A8-BDF5-48FC-88F0-9A6FD0D6B349}
	EndGlobalSection
EndGlobal
